
Microsoft Visual Studio Solution File, Format Version 12.00
# Visual Studio 15
VisualStudioVersion = 15.0.26124.0
MinimumVisualStudioVersion = 15.0.26124.0
Project("{FAE04EC0-301F-11D3-BF4B-00C04F79EFBC}") = "DevOpsBrosShop", "DevOpsBrosShop\DevOpsBrosShop.csproj", "{5EA0B942-ED5C-4A93-93CD-C3B0946984EA}"
EndProject
Project("{FAE04EC0-301F-11D3-BF4B-00C04F79EFBC}") = "DevOpsBrosShop.Tests", "DevOpsBrosShop.Tests\DevOpsBrosShop.Tests.csproj", "{45431E8E-E507-4403-9B7C-C52997009D3C}"
EndProject
Global
	GlobalSection(SolutionConfigurationPlatforms) = preSolution
		Debug|Any CPU = Debug|Any CPU
		Debug|x64 = Debug|x64
		Debug|x86 = Debug|x86
		Release|Any CPU = Release|Any CPU
		Release|x64 = Release|x64
		Release|x86 = Release|x86
	EndGlobalSection
	GlobalSection(SolutionProperties) = preSolution
		HideSolutionNode = FALSE
	EndGlobalSection
	GlobalSection(ProjectConfigurationPlatforms) = postSolution
		{5EA0B942-ED5C-4A93-93CD-C3B0946984EA}.Debug|Any CPU.ActiveCfg = Debug|Any CPU
		{5EA0B942-ED5C-4A93-93CD-C3B0946984EA}.Debug|Any CPU.Build.0 = Debug|Any CPU
		{5EA0B942-ED5C-4A93-93CD-C3B0946984EA}.Debug|x64.ActiveCfg = Debug|Any CPU
		{5EA0B942-ED5C-4A93-93CD-C3B0946984EA}.Debug|x64.Build.0 = Debug|Any CPU
		{5EA0B942-ED5C-4A93-93CD-C3B0946984EA}.Debug|x86.ActiveCfg = Debug|Any CPU
		{5EA0B942-ED5C-4A93-93CD-C3B0946984EA}.Debug|x86.Build.0 = Debug|Any CPU
		{5EA0B942-ED5C-4A93-93CD-C3B0946984EA}.Release|Any CPU.ActiveCfg = Release|Any CPU
		{5EA0B942-ED5C-4A93-93CD-C3B0946984EA}.Release|Any CPU.Build.0 = Release|Any CPU
		{5EA0B942-ED5C-4A93-93CD-C3B0946984EA}.Release|x64.ActiveCfg = Release|Any CPU
		{5EA0B942-ED5C-4A93-93CD-C3B0946984EA}.Release|x64.Build.0 = Release|Any CPU
		{5EA0B942-ED5C-4A93-93CD-C3B0946984EA}.Release|x86.ActiveCfg = Release|Any CPU
		{5EA0B942-ED5C-4A93-93CD-C3B0946984EA}.Release|x86.Build.0 = Release|Any CPU
		{45431E8E-E507-4403-9B7C-C52997009D3C}.Debug|Any CPU.ActiveCfg = Debug|Any CPU
		{45431E8E-E507-4403-9B7C-C52997009D3C}.Debug|Any CPU.Build.0 = Debug|Any CPU
		{45431E8E-E507-4403-9B7C-C52997009D3C}.Debug|x64.ActiveCfg = Debug|Any CPU
		{45431E8E-E507-4403-9B7C-C52997009D3C}.Debug|x64.Build.0 = Debug|Any CPU
		{45431E8E-E507-4403-9B7C-C52997009D3C}.Debug|x86.ActiveCfg = Debug|Any CPU
		{45431E8E-E507-4403-9B7C-C52997009D3C}.Debug|x86.Build.0 = Debug|Any CPU
		{45431E8E-E507-4403-9B7C-C52997009D3C}.Release|Any CPU.ActiveCfg = Release|Any CPU
		{45431E8E-E507-4403-9B7C-C52997009D3C}.Release|Any CPU.Build.0 = Release|Any CPU
		{45431E8E-E507-4403-9B7C-C52997009D3C}.Release|x64.ActiveCfg = Release|Any CPU
		{45431E8E-E507-4403-9B7C-C52997009D3C}.Release|x64.Build.0 = Release|Any CPU
		{45431E8E-E507-4403-9B7C-C52997009D3C}.Release|x86.ActiveCfg = Release|Any CPU
		{45431E8E-E507-4403-9B7C-C52997009D3C}.Release|x86.Build.0 = Release|Any CPU
	EndGlobalSection
EndGlobal
